
Microsoft Visual Studio Solution File, Format Version 12.00
# Visual Studio 2012
Project("{F2A71F9B-5D33-465A-A702-920D77279786}") = "Slumber", "app\Slumber\Slumber.fsproj", "{72EA608C-B0F9-4A39-B27F-3461B320235B}"
EndProject
Project("{2150E333-8FDC-42A3-9474-1A3956D46DE8}") = "0 app", "0 app", "{0873E11B-6F1A-472A-B9CD-C66518F9BF1A}"
	ProjectSection(SolutionItems) = preProject
		app\AssemblyInfo.Common.fs = app\AssemblyInfo.Common.fs
	EndProjectSection
EndProject
Project("{2150E333-8FDC-42A3-9474-1A3956D46DE8}") = ".nuget", ".nuget", "{35CC75DE-73C6-413B-AA88-7A1979CE44B5}"
	ProjectSection(SolutionItems) = preProject
		.nuget\NuGet.Config = .nuget\NuGet.Config
		.nuget\NuGet.exe = .nuget\NuGet.exe
		.nuget\NuGet.targets = .nuget\NuGet.targets
	EndProjectSection
EndProject
Project("{2150E333-8FDC-42A3-9474-1A3956D46DE8}") = "1 tests", "1 tests", "{D676FD1D-8008-473E-858B-1F19A990FB3B}"
	ProjectSection(SolutionItems) = preProject
		tests\Traits.fs = tests\Traits.fs
	EndProjectSection
EndProject
Project("{F2A71F9B-5D33-465A-A702-920D77279786}") = "Slumber.Tests", "tests\Slumber.Tests\Slumber.Tests.fsproj", "{179CA639-9A78-4CC4-A907-0DA32FDA12D2}"
EndProject
Project("{F2A71F9B-5D33-465A-A702-920D77279786}") = "Slumber.IO", "app\Slumber.IO\Slumber.IO.fsproj", "{642B235C-62CA-4DC4-8A19-232B4FB27372}"
EndProject
Project("{2150E333-8FDC-42A3-9474-1A3956D46DE8}") = "2 example", "2 example", "{5EEC7C6A-35C7-42D1-9A3B-110252D86D34}"
EndProject
Project("{F2A71F9B-5D33-465A-A702-920D77279786}") = "Slumber.Example", "example\Slumber.Example\Slumber.Example.fsproj", "{037B7E04-E4B4-4FA6-98B1-4E88A728B70B}"
EndProject
Project("{FAE04EC0-301F-11D3-BF4B-00C04F79EFBC}") = "Slumber.Example.Web", "example\Slumber.Example.Web\Slumber.Example.Web.csproj", "{99B47ED9-D4DC-48EA-847A-E9211208301D}"
EndProject
Project("{F2A71F9B-5D33-465A-A702-920D77279786}") = "Slumber.IO.Tests", "tests\Slumber.IO.Tests\Slumber.IO.Tests.fsproj", "{703E4FC6-B282-4F75-B76C-7ADCB973ED14}"
EndProject
Project("{F2A71F9B-5D33-465A-A702-920D77279786}") = "Slumber.Owin", "app\Slumber.Owin\Slumber.Owin.fsproj", "{90CFF2CF-FFA5-4121-9F75-14B05194D3C9}"
EndProject
Project("{FAE04EC0-301F-11D3-BF4B-00C04F79EFBC}") = "Slumber.Example.Web.Owin", "example\Slumber.Example.Web.Owin\Slumber.Example.Web.Owin.csproj", "{5BEDB7D4-71C0-423E-BB1F-A5980490DD1D}"
EndProject
Project("{F2A71F9B-5D33-465A-A702-920D77279786}") = "Slumber.Owin.Tests", "tests\Slumber.Owin.Tests\Slumber.Owin.Tests.fsproj", "{A39BB163-6C58-4BFF-8EB6-046E7EA9F190}"
EndProject
Global
	GlobalSection(SolutionConfigurationPlatforms) = preSolution
		Debug|Any CPU = Debug|Any CPU
		Release|Any CPU = Release|Any CPU
	EndGlobalSection
	GlobalSection(ProjectConfigurationPlatforms) = postSolution
		{72EA608C-B0F9-4A39-B27F-3461B320235B}.Debug|Any CPU.ActiveCfg = Debug|Any CPU
		{72EA608C-B0F9-4A39-B27F-3461B320235B}.Debug|Any CPU.Build.0 = Debug|Any CPU
		{72EA608C-B0F9-4A39-B27F-3461B320235B}.Release|Any CPU.ActiveCfg = Release|Any CPU
		{72EA608C-B0F9-4A39-B27F-3461B320235B}.Release|Any CPU.Build.0 = Release|Any CPU
		{179CA639-9A78-4CC4-A907-0DA32FDA12D2}.Debug|Any CPU.ActiveCfg = Debug|Any CPU
		{179CA639-9A78-4CC4-A907-0DA32FDA12D2}.Debug|Any CPU.Build.0 = Debug|Any CPU
		{179CA639-9A78-4CC4-A907-0DA32FDA12D2}.Release|Any CPU.ActiveCfg = Release|Any CPU
		{179CA639-9A78-4CC4-A907-0DA32FDA12D2}.Release|Any CPU.Build.0 = Release|Any CPU
		{642B235C-62CA-4DC4-8A19-232B4FB27372}.Debug|Any CPU.ActiveCfg = Debug|Any CPU
		{642B235C-62CA-4DC4-8A19-232B4FB27372}.Debug|Any CPU.Build.0 = Debug|Any CPU
		{642B235C-62CA-4DC4-8A19-232B4FB27372}.Release|Any CPU.ActiveCfg = Release|Any CPU
		{642B235C-62CA-4DC4-8A19-232B4FB27372}.Release|Any CPU.Build.0 = Release|Any CPU
		{037B7E04-E4B4-4FA6-98B1-4E88A728B70B}.Debug|Any CPU.ActiveCfg = Debug|Any CPU
		{037B7E04-E4B4-4FA6-98B1-4E88A728B70B}.Debug|Any CPU.Build.0 = Debug|Any CPU
		{037B7E04-E4B4-4FA6-98B1-4E88A728B70B}.Release|Any CPU.ActiveCfg = Release|Any CPU
		{037B7E04-E4B4-4FA6-98B1-4E88A728B70B}.Release|Any CPU.Build.0 = Release|Any CPU
		{99B47ED9-D4DC-48EA-847A-E9211208301D}.Debug|Any CPU.ActiveCfg = Debug|Any CPU
		{99B47ED9-D4DC-48EA-847A-E9211208301D}.Debug|Any CPU.Build.0 = Debug|Any CPU
		{99B47ED9-D4DC-48EA-847A-E9211208301D}.Release|Any CPU.ActiveCfg = Release|Any CPU
		{99B47ED9-D4DC-48EA-847A-E9211208301D}.Release|Any CPU.Build.0 = Release|Any CPU
		{703E4FC6-B282-4F75-B76C-7ADCB973ED14}.Debug|Any CPU.ActiveCfg = Debug|Any CPU
		{703E4FC6-B282-4F75-B76C-7ADCB973ED14}.Debug|Any CPU.Build.0 = Debug|Any CPU
		{703E4FC6-B282-4F75-B76C-7ADCB973ED14}.Release|Any CPU.ActiveCfg = Release|Any CPU
		{703E4FC6-B282-4F75-B76C-7ADCB973ED14}.Release|Any CPU.Build.0 = Release|Any CPU
		{90CFF2CF-FFA5-4121-9F75-14B05194D3C9}.Debug|Any CPU.ActiveCfg = Debug|Any CPU
		{90CFF2CF-FFA5-4121-9F75-14B05194D3C9}.Debug|Any CPU.Build.0 = Debug|Any CPU
		{90CFF2CF-FFA5-4121-9F75-14B05194D3C9}.Release|Any CPU.ActiveCfg = Release|Any CPU
		{90CFF2CF-FFA5-4121-9F75-14B05194D3C9}.Release|Any CPU.Build.0 = Release|Any CPU
		{5BEDB7D4-71C0-423E-BB1F-A5980490DD1D}.Debug|Any CPU.ActiveCfg = Debug|Any CPU
		{5BEDB7D4-71C0-423E-BB1F-A5980490DD1D}.Debug|Any CPU.Build.0 = Debug|Any CPU
		{5BEDB7D4-71C0-423E-BB1F-A5980490DD1D}.Release|Any CPU.ActiveCfg = Release|Any CPU
		{5BEDB7D4-71C0-423E-BB1F-A5980490DD1D}.Release|Any CPU.Build.0 = Release|Any CPU
		{A39BB163-6C58-4BFF-8EB6-046E7EA9F190}.Debug|Any CPU.ActiveCfg = Debug|Any CPU
		{A39BB163-6C58-4BFF-8EB6-046E7EA9F190}.Debug|Any CPU.Build.0 = Debug|Any CPU
		{A39BB163-6C58-4BFF-8EB6-046E7EA9F190}.Release|Any CPU.ActiveCfg = Release|Any CPU
		{A39BB163-6C58-4BFF-8EB6-046E7EA9F190}.Release|Any CPU.Build.0 = Release|Any CPU
	EndGlobalSection
	GlobalSection(SolutionProperties) = preSolution
		HideSolutionNode = FALSE
	EndGlobalSection
	GlobalSection(NestedProjects) = preSolution
		{72EA608C-B0F9-4A39-B27F-3461B320235B} = {0873E11B-6F1A-472A-B9CD-C66518F9BF1A}
		{642B235C-62CA-4DC4-8A19-232B4FB27372} = {0873E11B-6F1A-472A-B9CD-C66518F9BF1A}
		{90CFF2CF-FFA5-4121-9F75-14B05194D3C9} = {0873E11B-6F1A-472A-B9CD-C66518F9BF1A}
		{179CA639-9A78-4CC4-A907-0DA32FDA12D2} = {D676FD1D-8008-473E-858B-1F19A990FB3B}
		{703E4FC6-B282-4F75-B76C-7ADCB973ED14} = {D676FD1D-8008-473E-858B-1F19A990FB3B}
		{A39BB163-6C58-4BFF-8EB6-046E7EA9F190} = {D676FD1D-8008-473E-858B-1F19A990FB3B}
		{037B7E04-E4B4-4FA6-98B1-4E88A728B70B} = {5EEC7C6A-35C7-42D1-9A3B-110252D86D34}
		{99B47ED9-D4DC-48EA-847A-E9211208301D} = {5EEC7C6A-35C7-42D1-9A3B-110252D86D34}
		{5BEDB7D4-71C0-423E-BB1F-A5980490DD1D} = {5EEC7C6A-35C7-42D1-9A3B-110252D86D34}
	EndGlobalSection
EndGlobal
